<Solution>
  <Folder Name="/src/">
    <Project Path="src/StockCareV2.Api/StockCareV2.Api.csproj" Id="dcc5e09c-f148-4909-8bcb-c270687d9ddc" />
    <Project Path="src/StockCareV2.Application/StockCareV2.Application.csproj" />
    <Project Path="src/StockCareV2.Client/StockCareV2.Client.csproj" Id="28f76fc5-29ad-47b3-86cb-4e7230b5cb91" />
    <Project Path="src/StockCareV2.Domain/StockCareV2.Domain.csproj" />
    <Project Path="src/StockCareV2.Infrastructure/StockCareV2.Infrastructure.csproj" />
  </Folder>
</Solution>
